
Microsoft Visual Studio Solution File, Format Version 12.00
# Visual Studio Version 16
VisualStudioVersion = 16.0.31321.278
MinimumVisualStudioVersion = 10.0.40219.1
Project("{FAE04EC0-301F-11D3-BF4B-00C04F79EFBC}") = "01DesignMode", "01DesignMode\01DesignMode.csproj", "{5F7A5C4E-D807-496E-A823-A6868A0202DB}"
EndProject
Project("{FAE04EC0-301F-11D3-BF4B-00C04F79EFBC}") = "99深拷贝浅拷贝", "99深拷贝浅拷贝\99深拷贝浅拷贝.csproj", "{4A5967B3-4B60-4011-A29F-D13BE040340B}"
EndProject
Project("{2150E333-8FDC-42A3-9474-1A3956D46DE8}") = "文档", "文档", "{8F8A686F-6E2F-43C0-92EE-D85598185573}"
	ProjectSection(SolutionItems) = preProject
		C:\Users\PC\Desktop\设计模式.xmind = C:\Users\PC\Desktop\设计模式.xmind
	EndProjectSection
EndProject
Project("{FAE04EC0-301F-11D3-BF4B-00C04F79EFBC}") = "02代理模式", "02代理模式\02代理模式.csproj", "{5B09658E-464B-413E-A07F-18B5A293947A}"
EndProject
Project("{FAE04EC0-301F-11D3-BF4B-00C04F79EFBC}") = "03适配器设计模式", "03适配器设计模式\03适配器设计模式.csproj", "{B456C6AC-E18D-4867-8B2D-A201EDD05B5D}"
EndProject
Project("{FAE04EC0-301F-11D3-BF4B-00C04F79EFBC}") = "04装饰器模式", "04装饰器模式\04装饰器模式.csproj", "{A3389DCA-0FF8-4318-A3CF-632BEEC6C679}"
EndProject
Project("{FAE04EC0-301F-11D3-BF4B-00C04F79EFBC}") = "98访问关键字base用法", "98base关键字用法\98访问关键字base用法.csproj", "{969E69CE-ED5E-4118-9152-27E344036641}"
EndProject
Project("{FAE04EC0-301F-11D3-BF4B-00C04F79EFBC}") = "05外观模式", "05外观模式\05外观模式.csproj", "{73FF658A-CC8A-4996-88F0-66F372257629}"
EndProject
Project("{FAE04EC0-301F-11D3-BF4B-00C04F79EFBC}") = "06桥接模式", "06桥接模式\06桥接模式.csproj", "{B50A5919-1E85-49B6-9876-FAFF2D4DEBC2}"
EndProject
Project("{FAE04EC0-301F-11D3-BF4B-00C04F79EFBC}") = "07组合模式", "07组合模式\07组合模式.csproj", "{A1AB6BFA-DEBB-41B9-A34E-A66FF57A7432}"
EndProject
Project("{FAE04EC0-301F-11D3-BF4B-00C04F79EFBC}") = "WpfApp1", "WpfApp1\WpfApp1.csproj", "{AA41E9AE-3D1A-4913-87DE-6E96A21CBEAE}"
EndProject
Project("{FAE04EC0-301F-11D3-BF4B-00C04F79EFBC}") = "08设计模式", "08设计模式\08设计模式.csproj", "{B3077A8D-F282-4264-B419-06C0060EF4DC}"
EndProject
Project("{FAE04EC0-301F-11D3-BF4B-00C04F79EFBC}") = "WpfApp2", "WpfApp2\WpfApp2.csproj", "{9CB099B1-7DCC-487F-B0B1-45A4E92054E2}"
EndProject
Project("{FAE04EC0-301F-11D3-BF4B-00C04F79EFBC}") = "WpfApp3", "WpfApp3\WpfApp3.csproj", "{7B36902D-42E6-4F71-B333-70508AA2914F}"
EndProject
Project("{FAE04EC0-301F-11D3-BF4B-00C04F79EFBC}") = "WpfApp4", "WpfApp4\WpfApp4.csproj", "{984195BD-F537-4605-BECE-B631AABDBDE5}"
EndProject
Project("{FAE04EC0-301F-11D3-BF4B-00C04F79EFBC}") = "WpfApp5", "WpfApp5\WpfApp5.csproj", "{92534B99-FA93-4279-A9E5-B9EADE37E58E}"
EndProject
Project("{FAE04EC0-301F-11D3-BF4B-00C04F79EFBC}") = "WpfApp6", "WpfApp6\WpfApp6.csproj", "{56CBD38F-3E0E-4205-9163-9CCF93CC8BA9}"
EndProject
Project("{FAE04EC0-301F-11D3-BF4B-00C04F79EFBC}") = "100CanvasPath", "100CanvasPath\100CanvasPath.csproj", "{7BB32021-EFCB-432B-90BE-FA70F2DA1BA6}"
EndProject
Project("{FAE04EC0-301F-11D3-BF4B-00C04F79EFBC}") = "WpfApp7气泡弹窗", "WpfApp7气泡弹窗\WpfApp7气泡弹窗.csproj", "{DA12EA51-17F1-4D50-A069-8D5E080FDFB3}"
EndProject
Project("{FAE04EC0-301F-11D3-BF4B-00C04F79EFBC}") = "WpfApp8", "WpfApp8\WpfApp8.csproj", "{F46A8824-C587-4A17-AFA3-55695E8BDB99}"
EndProject
Project("{FAE04EC0-301F-11D3-BF4B-00C04F79EFBC}") = "WpfApp9ComboBox", "WpfApp9ComboBox\WpfApp9ComboBox.csproj", "{4A96F61E-5112-4EAC-A7F5-3421DC2C87D7}"
EndProject
Project("{FAE04EC0-301F-11D3-BF4B-00C04F79EFBC}") = "WpfApp10", "WpfApp10\WpfApp10.csproj", "{F90D4F26-E236-4AFC-A2AF-9247407BBA3C}"
EndProject
Project("{FAE04EC0-301F-11D3-BF4B-00C04F79EFBC}") = "WpfApp11拖拽", "WpfApp11拖拽\WpfApp11拖拽.csproj", "{D3682D70-8C51-4A48-BB9A-EAF6617CACFE}"
EndProject
Project("{FAE04EC0-301F-11D3-BF4B-00C04F79EFBC}") = "97TabItem", "97TabItem\97TabItem.csproj", "{96354023-B84A-403C-A87A-50F487DF07E3}"
EndProject
Project("{FAE04EC0-301F-11D3-BF4B-00C04F79EFBC}") = "96TabItem", "96TabItem\96TabItem.csproj", "{AADC34F4-0B01-4875-B7D9-C249A4E090EB}"
EndProject
Project("{FAE04EC0-301F-11D3-BF4B-00C04F79EFBC}") = "95ToolBarTray", "95ToolBarTray\95ToolBarTray.csproj", "{148471BC-58E5-4E2E-AE1C-354850B14ED8}"
EndProject
Project("{FAE04EC0-301F-11D3-BF4B-00C04F79EFBC}") = "94TabItem", "94TabItem\94TabItem.csproj", "{5A0E66D8-99C6-4653-A013-E1923479F9FE}"
EndProject
Project("{FAE04EC0-301F-11D3-BF4B-00C04F79EFBC}") = "93布局", "93布局\93布局.csproj", "{71C3CB94-18F3-4CE5-8485-AE1A78511548}"
EndProject
Project("{FAE04EC0-301F-11D3-BF4B-00C04F79EFBC}") = "92TabPanle", "92TabPanle\92TabPanle.csproj", "{2319041C-E176-435A-8FCD-DFFCDDC67368}"
EndProject
Project("{FAE04EC0-301F-11D3-BF4B-00C04F79EFBC}") = "91TabControl", "91TabControl\91TabControl.csproj", "{5B75A851-1B9E-4487-9919-5F72DCDAB513}"
EndProject
Project("{FAE04EC0-301F-11D3-BF4B-00C04F79EFBC}") = "90Image", "90Image\90Image.csproj", "{53A92125-A009-4A94-88CC-22EBB9231C4E}"
EndProject
Project("{FAE04EC0-301F-11D3-BF4B-00C04F79EFBC}") = "91_01TabControl", "91_01TabControl\91_01TabControl.csproj", "{CF21D8A8-C820-4BE4-86CA-98A344EB256D}"
EndProject
Project("{FAE04EC0-301F-11D3-BF4B-00C04F79EFBC}") = "89popup", "89popup\89popup.csproj", "{357AC872-BFE5-4BBE-AEB7-CDAF3DA8D59D}"
EndProject
Project("{FAE04EC0-301F-11D3-BF4B-00C04F79EFBC}") = "88popup", "88popup\88popup.csproj", "{6323FF66-6CA8-4DE3-881A-1D41422EDE1E}"
EndProject
Project("{FAE04EC0-301F-11D3-BF4B-00C04F79EFBC}") = "001Linq_Zip方法", "001Linq_Zip方法\001Linq_Zip方法.csproj", "{2195E461-A615-4054-9577-12E3FAF9D8E5}"
EndProject
Project("{FAE04EC0-301F-11D3-BF4B-00C04F79EFBC}") = "87Image圆形并有上层控件叠加", "87Image圆形并有上层控件叠加\87Image圆形并有上层控件叠加.csproj", "{D51F0C83-1431-47D5-B823-FFEDCF3207FC}"
EndProject
Project("{FAE04EC0-301F-11D3-BF4B-00C04F79EFBC}") = "86ContentControl", "86ContentControl\86ContentControl.csproj", "{904639C4-DBE4-4FEC-A6B2-17BD7CD22B8E}"
EndProject
Project("{FAE04EC0-301F-11D3-BF4B-00C04F79EFBC}") = "85DataContext", "85DataContext\85DataContext.csproj", "{6807C739-31D3-44C2-A68D-267955B737AB}"
EndProject
Project("{FAE04EC0-301F-11D3-BF4B-00C04F79EFBC}") = "84lock", "84lock\84lock.csproj", "{B60992AE-CD9D-4DFE-A533-02F2F85F8C0F}"
EndProject
Project("{FAE04EC0-301F-11D3-BF4B-00C04F79EFBC}") = "83QRCoder", "83QRCoder\83QRCoder.csproj", "{8F9E0F91-4C83-4F3E-ABAA-28F77BE6C2C6}"
EndProject
Project("{FAE04EC0-301F-11D3-BF4B-00C04F79EFBC}") = "82QRCoder", "82QRCoder\82QRCoder.csproj", "{DD38327E-F2E7-4D80-9597-54AD4B74CA58}"
EndProject
Project("{FAE04EC0-301F-11D3-BF4B-00C04F79EFBC}") = "81QRCode", "81QRCode\81QRCode.csproj", "{7F3C87D5-1CE6-4283-B031-31E32EB67177}"
EndProject
Project("{FAE04EC0-301F-11D3-BF4B-00C04F79EFBC}") = "80wechat弹窗气泡修改", "80wechat弹窗气泡修改\80wechat弹窗气泡修改.csproj", "{FA41B8A4-A292-4B1E-99AE-D1C4CCC5881B}"
EndProject
Global
	GlobalSection(SolutionConfigurationPlatforms) = preSolution
		Debug|Any CPU = Debug|Any CPU
		Release|Any CPU = Release|Any CPU
	EndGlobalSection
	GlobalSection(ProjectConfigurationPlatforms) = postSolution
		{5F7A5C4E-D807-496E-A823-A6868A0202DB}.Debug|Any CPU.ActiveCfg = Debug|Any CPU
		{5F7A5C4E-D807-496E-A823-A6868A0202DB}.Debug|Any CPU.Build.0 = Debug|Any CPU
		{5F7A5C4E-D807-496E-A823-A6868A0202DB}.Release|Any CPU.ActiveCfg = Release|Any CPU
		{5F7A5C4E-D807-496E-A823-A6868A0202DB}.Release|Any CPU.Build.0 = Release|Any CPU
		{4A5967B3-4B60-4011-A29F-D13BE040340B}.Debug|Any CPU.ActiveCfg = Debug|Any CPU
		{4A5967B3-4B60-4011-A29F-D13BE040340B}.Debug|Any CPU.Build.0 = Debug|Any CPU
		{4A5967B3-4B60-4011-A29F-D13BE040340B}.Release|Any CPU.ActiveCfg = Release|Any CPU
		{4A5967B3-4B60-4011-A29F-D13BE040340B}.Release|Any CPU.Build.0 = Release|Any CPU
		{5B09658E-464B-413E-A07F-18B5A293947A}.Debug|Any CPU.ActiveCfg = Debug|Any CPU
		{5B09658E-464B-413E-A07F-18B5A293947A}.Debug|Any CPU.Build.0 = Debug|Any CPU
		{5B09658E-464B-413E-A07F-18B5A293947A}.Release|Any CPU.ActiveCfg = Release|Any CPU
		{5B09658E-464B-413E-A07F-18B5A293947A}.Release|Any CPU.Build.0 = Release|Any CPU
		{B456C6AC-E18D-4867-8B2D-A201EDD05B5D}.Debug|Any CPU.ActiveCfg = Debug|Any CPU
		{B456C6AC-E18D-4867-8B2D-A201EDD05B5D}.Debug|Any CPU.Build.0 = Debug|Any CPU
		{B456C6AC-E18D-4867-8B2D-A201EDD05B5D}.Release|Any CPU.ActiveCfg = Release|Any CPU
		{B456C6AC-E18D-4867-8B2D-A201EDD05B5D}.Release|Any CPU.Build.0 = Release|Any CPU
		{A3389DCA-0FF8-4318-A3CF-632BEEC6C679}.Debug|Any CPU.ActiveCfg = Debug|Any CPU
		{A3389DCA-0FF8-4318-A3CF-632BEEC6C679}.Debug|Any CPU.Build.0 = Debug|Any CPU
		{A3389DCA-0FF8-4318-A3CF-632BEEC6C679}.Release|Any CPU.ActiveCfg = Release|Any CPU
		{A3389DCA-0FF8-4318-A3CF-632BEEC6C679}.Release|Any CPU.Build.0 = Release|Any CPU
		{969E69CE-ED5E-4118-9152-27E344036641}.Debug|Any CPU.ActiveCfg = Debug|Any CPU
		{969E69CE-ED5E-4118-9152-27E344036641}.Debug|Any CPU.Build.0 = Debug|Any CPU
		{969E69CE-ED5E-4118-9152-27E344036641}.Release|Any CPU.ActiveCfg = Release|Any CPU
		{969E69CE-ED5E-4118-9152-27E344036641}.Release|Any CPU.Build.0 = Release|Any CPU
		{73FF658A-CC8A-4996-88F0-66F372257629}.Debug|Any CPU.ActiveCfg = Debug|Any CPU
		{73FF658A-CC8A-4996-88F0-66F372257629}.Debug|Any CPU.Build.0 = Debug|Any CPU
		{73FF658A-CC8A-4996-88F0-66F372257629}.Release|Any CPU.ActiveCfg = Release|Any CPU
		{73FF658A-CC8A-4996-88F0-66F372257629}.Release|Any CPU.Build.0 = Release|Any CPU
		{B50A5919-1E85-49B6-9876-FAFF2D4DEBC2}.Debug|Any CPU.ActiveCfg = Debug|Any CPU
		{B50A5919-1E85-49B6-9876-FAFF2D4DEBC2}.Debug|Any CPU.Build.0 = Debug|Any CPU
		{B50A5919-1E85-49B6-9876-FAFF2D4DEBC2}.Release|Any CPU.ActiveCfg = Release|Any CPU
		{B50A5919-1E85-49B6-9876-FAFF2D4DEBC2}.Release|Any CPU.Build.0 = Release|Any CPU
		{A1AB6BFA-DEBB-41B9-A34E-A66FF57A7432}.Debug|Any CPU.ActiveCfg = Debug|Any CPU
		{A1AB6BFA-DEBB-41B9-A34E-A66FF57A7432}.Debug|Any CPU.Build.0 = Debug|Any CPU
		{A1AB6BFA-DEBB-41B9-A34E-A66FF57A7432}.Release|Any CPU.ActiveCfg = Release|Any CPU
		{A1AB6BFA-DEBB-41B9-A34E-A66FF57A7432}.Release|Any CPU.Build.0 = Release|Any CPU
		{AA41E9AE-3D1A-4913-87DE-6E96A21CBEAE}.Debug|Any CPU.ActiveCfg = Debug|Any CPU
		{AA41E9AE-3D1A-4913-87DE-6E96A21CBEAE}.Debug|Any CPU.Build.0 = Debug|Any CPU
		{AA41E9AE-3D1A-4913-87DE-6E96A21CBEAE}.Release|Any CPU.ActiveCfg = Release|Any CPU
		{AA41E9AE-3D1A-4913-87DE-6E96A21CBEAE}.Release|Any CPU.Build.0 = Release|Any CPU
		{B3077A8D-F282-4264-B419-06C0060EF4DC}.Debug|Any CPU.ActiveCfg = Debug|Any CPU
		{B3077A8D-F282-4264-B419-06C0060EF4DC}.Debug|Any CPU.Build.0 = Debug|Any CPU
		{B3077A8D-F282-4264-B419-06C0060EF4DC}.Release|Any CPU.ActiveCfg = Release|Any CPU
		{B3077A8D-F282-4264-B419-06C0060EF4DC}.Release|Any CPU.Build.0 = Release|Any CPU
		{9CB099B1-7DCC-487F-B0B1-45A4E92054E2}.Debug|Any CPU.ActiveCfg = Debug|Any CPU
		{9CB099B1-7DCC-487F-B0B1-45A4E92054E2}.Debug|Any CPU.Build.0 = Debug|Any CPU
		{9CB099B1-7DCC-487F-B0B1-45A4E92054E2}.Release|Any CPU.ActiveCfg = Release|Any CPU
		{9CB099B1-7DCC-487F-B0B1-45A4E92054E2}.Release|Any CPU.Build.0 = Release|Any CPU
		{7B36902D-42E6-4F71-B333-70508AA2914F}.Debug|Any CPU.ActiveCfg = Debug|Any CPU
		{7B36902D-42E6-4F71-B333-70508AA2914F}.Debug|Any CPU.Build.0 = Debug|Any CPU
		{7B36902D-42E6-4F71-B333-70508AA2914F}.Release|Any CPU.ActiveCfg = Release|Any CPU
		{7B36902D-42E6-4F71-B333-70508AA2914F}.Release|Any CPU.Build.0 = Release|Any CPU
		{984195BD-F537-4605-BECE-B631AABDBDE5}.Debug|Any CPU.ActiveCfg = Debug|Any CPU
		{984195BD-F537-4605-BECE-B631AABDBDE5}.Debug|Any CPU.Build.0 = Debug|Any CPU
		{984195BD-F537-4605-BECE-B631AABDBDE5}.Release|Any CPU.ActiveCfg = Release|Any CPU
		{984195BD-F537-4605-BECE-B631AABDBDE5}.Release|Any CPU.Build.0 = Release|Any CPU
		{92534B99-FA93-4279-A9E5-B9EADE37E58E}.Debug|Any CPU.ActiveCfg = Debug|Any CPU
		{92534B99-FA93-4279-A9E5-B9EADE37E58E}.Debug|Any CPU.Build.0 = Debug|Any CPU
		{92534B99-FA93-4279-A9E5-B9EADE37E58E}.Release|Any CPU.ActiveCfg = Release|Any CPU
		{92534B99-FA93-4279-A9E5-B9EADE37E58E}.Release|Any CPU.Build.0 = Release|Any CPU
		{56CBD38F-3E0E-4205-9163-9CCF93CC8BA9}.Debug|Any CPU.ActiveCfg = Debug|Any CPU
		{56CBD38F-3E0E-4205-9163-9CCF93CC8BA9}.Debug|Any CPU.Build.0 = Debug|Any CPU
		{56CBD38F-3E0E-4205-9163-9CCF93CC8BA9}.Release|Any CPU.ActiveCfg = Release|Any CPU
		{56CBD38F-3E0E-4205-9163-9CCF93CC8BA9}.Release|Any CPU.Build.0 = Release|Any CPU
		{7BB32021-EFCB-432B-90BE-FA70F2DA1BA6}.Debug|Any CPU.ActiveCfg = Debug|Any CPU
		{7BB32021-EFCB-432B-90BE-FA70F2DA1BA6}.Debug|Any CPU.Build.0 = Debug|Any CPU
		{7BB32021-EFCB-432B-90BE-FA70F2DA1BA6}.Release|Any CPU.ActiveCfg = Release|Any CPU
		{7BB32021-EFCB-432B-90BE-FA70F2DA1BA6}.Release|Any CPU.Build.0 = Release|Any CPU
		{DA12EA51-17F1-4D50-A069-8D5E080FDFB3}.Debug|Any CPU.ActiveCfg = Debug|Any CPU
		{DA12EA51-17F1-4D50-A069-8D5E080FDFB3}.Debug|Any CPU.Build.0 = Debug|Any CPU
		{DA12EA51-17F1-4D50-A069-8D5E080FDFB3}.Release|Any CPU.ActiveCfg = Release|Any CPU
		{DA12EA51-17F1-4D50-A069-8D5E080FDFB3}.Release|Any CPU.Build.0 = Release|Any CPU
		{F46A8824-C587-4A17-AFA3-55695E8BDB99}.Debug|Any CPU.ActiveCfg = Debug|Any CPU
		{F46A8824-C587-4A17-AFA3-55695E8BDB99}.Debug|Any CPU.Build.0 = Debug|Any CPU
		{F46A8824-C587-4A17-AFA3-55695E8BDB99}.Release|Any CPU.ActiveCfg = Release|Any CPU
		{F46A8824-C587-4A17-AFA3-55695E8BDB99}.Release|Any CPU.Build.0 = Release|Any CPU
		{4A96F61E-5112-4EAC-A7F5-3421DC2C87D7}.Debug|Any CPU.ActiveCfg = Debug|Any CPU
		{4A96F61E-5112-4EAC-A7F5-3421DC2C87D7}.Debug|Any CPU.Build.0 = Debug|Any CPU
		{4A96F61E-5112-4EAC-A7F5-3421DC2C87D7}.Release|Any CPU.ActiveCfg = Release|Any CPU
		{4A96F61E-5112-4EAC-A7F5-3421DC2C87D7}.Release|Any CPU.Build.0 = Release|Any CPU
		{F90D4F26-E236-4AFC-A2AF-9247407BBA3C}.Debug|Any CPU.ActiveCfg = Debug|Any CPU
		{F90D4F26-E236-4AFC-A2AF-9247407BBA3C}.Debug|Any CPU.Build.0 = Debug|Any CPU
		{F90D4F26-E236-4AFC-A2AF-9247407BBA3C}.Release|Any CPU.ActiveCfg = Release|Any CPU
		{F90D4F26-E236-4AFC-A2AF-9247407BBA3C}.Release|Any CPU.Build.0 = Release|Any CPU
		{D3682D70-8C51-4A48-BB9A-EAF6617CACFE}.Debug|Any CPU.ActiveCfg = Debug|Any CPU
		{D3682D70-8C51-4A48-BB9A-EAF6617CACFE}.Debug|Any CPU.Build.0 = Debug|Any CPU
		{D3682D70-8C51-4A48-BB9A-EAF6617CACFE}.Release|Any CPU.ActiveCfg = Release|Any CPU
		{D3682D70-8C51-4A48-BB9A-EAF6617CACFE}.Release|Any CPU.Build.0 = Release|Any CPU
		{96354023-B84A-403C-A87A-50F487DF07E3}.Debug|Any CPU.ActiveCfg = Debug|Any CPU
		{96354023-B84A-403C-A87A-50F487DF07E3}.Debug|Any CPU.Build.0 = Debug|Any CPU
		{96354023-B84A-403C-A87A-50F487DF07E3}.Release|Any CPU.ActiveCfg = Release|Any CPU
		{96354023-B84A-403C-A87A-50F487DF07E3}.Release|Any CPU.Build.0 = Release|Any CPU
		{AADC34F4-0B01-4875-B7D9-C249A4E090EB}.Debug|Any CPU.ActiveCfg = Debug|Any CPU
		{AADC34F4-0B01-4875-B7D9-C249A4E090EB}.Debug|Any CPU.Build.0 = Debug|Any CPU
		{AADC34F4-0B01-4875-B7D9-C249A4E090EB}.Release|Any CPU.ActiveCfg = Release|Any CPU
		{AADC34F4-0B01-4875-B7D9-C249A4E090EB}.Release|Any CPU.Build.0 = Release|Any CPU
		{148471BC-58E5-4E2E-AE1C-354850B14ED8}.Debug|Any CPU.ActiveCfg = Debug|Any CPU
		{148471BC-58E5-4E2E-AE1C-354850B14ED8}.Debug|Any CPU.Build.0 = Debug|Any CPU
		{148471BC-58E5-4E2E-AE1C-354850B14ED8}.Release|Any CPU.ActiveCfg = Release|Any CPU
		{148471BC-58E5-4E2E-AE1C-354850B14ED8}.Release|Any CPU.Build.0 = Release|Any CPU
		{5A0E66D8-99C6-4653-A013-E1923479F9FE}.Debug|Any CPU.ActiveCfg = Debug|Any CPU
		{5A0E66D8-99C6-4653-A013-E1923479F9FE}.Debug|Any CPU.Build.0 = Debug|Any CPU
		{5A0E66D8-99C6-4653-A013-E1923479F9FE}.Release|Any CPU.ActiveCfg = Release|Any CPU
		{5A0E66D8-99C6-4653-A013-E1923479F9FE}.Release|Any CPU.Build.0 = Release|Any CPU
		{71C3CB94-18F3-4CE5-8485-AE1A78511548}.Debug|Any CPU.ActiveCfg = Debug|Any CPU
		{71C3CB94-18F3-4CE5-8485-AE1A78511548}.Debug|Any CPU.Build.0 = Debug|Any CPU
		{71C3CB94-18F3-4CE5-8485-AE1A78511548}.Release|Any CPU.ActiveCfg = Release|Any CPU
		{71C3CB94-18F3-4CE5-8485-AE1A78511548}.Release|Any CPU.Build.0 = Release|Any CPU
		{2319041C-E176-435A-8FCD-DFFCDDC67368}.Debug|Any CPU.ActiveCfg = Debug|Any CPU
		{2319041C-E176-435A-8FCD-DFFCDDC67368}.Debug|Any CPU.Build.0 = Debug|Any CPU
		{2319041C-E176-435A-8FCD-DFFCDDC67368}.Release|Any CPU.ActiveCfg = Release|Any CPU
		{2319041C-E176-435A-8FCD-DFFCDDC67368}.Release|Any CPU.Build.0 = Release|Any CPU
		{5B75A851-1B9E-4487-9919-5F72DCDAB513}.Debug|Any CPU.ActiveCfg = Debug|Any CPU
		{5B75A851-1B9E-4487-9919-5F72DCDAB513}.Debug|Any CPU.Build.0 = Debug|Any CPU
		{5B75A851-1B9E-4487-9919-5F72DCDAB513}.Release|Any CPU.ActiveCfg = Release|Any CPU
		{5B75A851-1B9E-4487-9919-5F72DCDAB513}.Release|Any CPU.Build.0 = Release|Any CPU
		{53A92125-A009-4A94-88CC-22EBB9231C4E}.Debug|Any CPU.ActiveCfg = Debug|Any CPU
		{53A92125-A009-4A94-88CC-22EBB9231C4E}.Debug|Any CPU.Build.0 = Debug|Any CPU
		{53A92125-A009-4A94-88CC-22EBB9231C4E}.Release|Any CPU.ActiveCfg = Release|Any CPU
		{53A92125-A009-4A94-88CC-22EBB9231C4E}.Release|Any CPU.Build.0 = Release|Any CPU
		{CF21D8A8-C820-4BE4-86CA-98A344EB256D}.Debug|Any CPU.ActiveCfg = Debug|Any CPU
		{CF21D8A8-C820-4BE4-86CA-98A344EB256D}.Debug|Any CPU.Build.0 = Debug|Any CPU
		{CF21D8A8-C820-4BE4-86CA-98A344EB256D}.Release|Any CPU.ActiveCfg = Release|Any CPU
		{CF21D8A8-C820-4BE4-86CA-98A344EB256D}.Release|Any CPU.Build.0 = Release|Any CPU
		{357AC872-BFE5-4BBE-AEB7-CDAF3DA8D59D}.Debug|Any CPU.ActiveCfg = Debug|Any CPU
		{357AC872-BFE5-4BBE-AEB7-CDAF3DA8D59D}.Debug|Any CPU.Build.0 = Debug|Any CPU
		{357AC872-BFE5-4BBE-AEB7-CDAF3DA8D59D}.Release|Any CPU.ActiveCfg = Release|Any CPU
		{357AC872-BFE5-4BBE-AEB7-CDAF3DA8D59D}.Release|Any CPU.Build.0 = Release|Any CPU
		{6323FF66-6CA8-4DE3-881A-1D41422EDE1E}.Debug|Any CPU.ActiveCfg = Debug|Any CPU
		{6323FF66-6CA8-4DE3-881A-1D41422EDE1E}.Debug|Any CPU.Build.0 = Debug|Any CPU
		{6323FF66-6CA8-4DE3-881A-1D41422EDE1E}.Release|Any CPU.ActiveCfg = Release|Any CPU
		{6323FF66-6CA8-4DE3-881A-1D41422EDE1E}.Release|Any CPU.Build.0 = Release|Any CPU
		{2195E461-A615-4054-9577-12E3FAF9D8E5}.Debug|Any CPU.ActiveCfg = Debug|Any CPU
		{2195E461-A615-4054-9577-12E3FAF9D8E5}.Debug|Any CPU.Build.0 = Debug|Any CPU
		{2195E461-A615-4054-9577-12E3FAF9D8E5}.Release|Any CPU.ActiveCfg = Release|Any CPU
		{2195E461-A615-4054-9577-12E3FAF9D8E5}.Release|Any CPU.Build.0 = Release|Any CPU
		{D51F0C83-1431-47D5-B823-FFEDCF3207FC}.Debug|Any CPU.ActiveCfg = Debug|Any CPU
		{D51F0C83-1431-47D5-B823-FFEDCF3207FC}.Debug|Any CPU.Build.0 = Debug|Any CPU
		{D51F0C83-1431-47D5-B823-FFEDCF3207FC}.Release|Any CPU.ActiveCfg = Release|Any CPU
		{D51F0C83-1431-47D5-B823-FFEDCF3207FC}.Release|Any CPU.Build.0 = Release|Any CPU
		{904639C4-DBE4-4FEC-A6B2-17BD7CD22B8E}.Debug|Any CPU.ActiveCfg = Debug|Any CPU
		{904639C4-DBE4-4FEC-A6B2-17BD7CD22B8E}.Debug|Any CPU.Build.0 = Debug|Any CPU
		{904639C4-DBE4-4FEC-A6B2-17BD7CD22B8E}.Release|Any CPU.ActiveCfg = Release|Any CPU
		{904639C4-DBE4-4FEC-A6B2-17BD7CD22B8E}.Release|Any CPU.Build.0 = Release|Any CPU
		{6807C739-31D3-44C2-A68D-267955B737AB}.Debug|Any CPU.ActiveCfg = Debug|Any CPU
		{6807C739-31D3-44C2-A68D-267955B737AB}.Debug|Any CPU.Build.0 = Debug|Any CPU
		{6807C739-31D3-44C2-A68D-267955B737AB}.Release|Any CPU.ActiveCfg = Release|Any CPU
		{6807C739-31D3-44C2-A68D-267955B737AB}.Release|Any CPU.Build.0 = Release|Any CPU
		{B60992AE-CD9D-4DFE-A533-02F2F85F8C0F}.Debug|Any CPU.ActiveCfg = Debug|Any CPU
		{B60992AE-CD9D-4DFE-A533-02F2F85F8C0F}.Debug|Any CPU.Build.0 = Debug|Any CPU
		{B60992AE-CD9D-4DFE-A533-02F2F85F8C0F}.Release|Any CPU.ActiveCfg = Release|Any CPU
		{B60992AE-CD9D-4DFE-A533-02F2F85F8C0F}.Release|Any CPU.Build.0 = Release|Any CPU
		{8F9E0F91-4C83-4F3E-ABAA-28F77BE6C2C6}.Debug|Any CPU.ActiveCfg = Debug|Any CPU
		{8F9E0F91-4C83-4F3E-ABAA-28F77BE6C2C6}.Debug|Any CPU.Build.0 = Debug|Any CPU
		{8F9E0F91-4C83-4F3E-ABAA-28F77BE6C2C6}.Release|Any CPU.ActiveCfg = Release|Any CPU
		{8F9E0F91-4C83-4F3E-ABAA-28F77BE6C2C6}.Release|Any CPU.Build.0 = Release|Any CPU
		{DD38327E-F2E7-4D80-9597-54AD4B74CA58}.Debug|Any CPU.ActiveCfg = Debug|Any CPU
		{DD38327E-F2E7-4D80-9597-54AD4B74CA58}.Debug|Any CPU.Build.0 = Debug|Any CPU
		{DD38327E-F2E7-4D80-9597-54AD4B74CA58}.Release|Any CPU.ActiveCfg = Release|Any CPU
		{DD38327E-F2E7-4D80-9597-54AD4B74CA58}.Release|Any CPU.Build.0 = Release|Any CPU
		{7F3C87D5-1CE6-4283-B031-31E32EB67177}.Debug|Any CPU.ActiveCfg = Debug|Any CPU
		{7F3C87D5-1CE6-4283-B031-31E32EB67177}.Debug|Any CPU.Build.0 = Debug|Any CPU
		{7F3C87D5-1CE6-4283-B031-31E32EB67177}.Release|Any CPU.ActiveCfg = Release|Any CPU
		{7F3C87D5-1CE6-4283-B031-31E32EB67177}.Release|Any CPU.Build.0 = Release|Any CPU
		{FA41B8A4-A292-4B1E-99AE-D1C4CCC5881B}.Debug|Any CPU.ActiveCfg = Debug|Any CPU
		{FA41B8A4-A292-4B1E-99AE-D1C4CCC5881B}.Debug|Any CPU.Build.0 = Debug|Any CPU
		{FA41B8A4-A292-4B1E-99AE-D1C4CCC5881B}.Release|Any CPU.ActiveCfg = Release|Any CPU
		{FA41B8A4-A292-4B1E-99AE-D1C4CCC5881B}.Release|Any CPU.Build.0 = Release|Any CPU
	EndGlobalSection
	GlobalSection(SolutionProperties) = preSolution
		HideSolutionNode = FALSE
	EndGlobalSection
	GlobalSection(ExtensibilityGlobals) = postSolution
		SolutionGuid = {2382AAC3-BA69-4161-A05C-234888BBB02F}
	EndGlobalSection
EndGlobal
